lockfileVersion: '6.1'

settings:
  autoInstallPeers: true
  excludeLinksFromLockfile: false

dependencies:
  zenn-cli:
    specifier: ^0.1.153
    version: 0.1.153

packages:

  /zenn-cli@0.1.153:
    resolution: {integrity: sha512-MLIdtRW2arQBuVCKlWrMF4eFZGkvmswrcc0OvgxmQs9w9/9rODfoyFK9nQQwrgyUwlxDzhUa/oAO6nks4GY5DA==}
    engines: {node: '>=14.0.0'}
    hasBin: true
    dev: false
